<?xml version="1.0" encoding="UTF-8" standalone="yes" ?>
<CodeBlocks_project_file>
	<FileVersion major="1" minor="6" />
	<Project>
		<Option title="OriginalPong" />
		<Option pch_mode="2" />
		<Option compiler="gcc" />
		<Build>
			<Target title="Debug">
				<Option output="bin/Debug/OriginalPong" prefix_auto="1" extension_auto="1" />
				<Option object_output="obj/Debug/" />
				<Option type="1" />
				<Option compiler="gcc" />
				<Compiler>
					<Add option="-std=c11" />
					<Add option="-g" />
					<Add directory="C:/MinGW/include/SDL2" />
					<Add directory="C:/MinGW/lib/SDL2_image-2.0.5/i686-w64-mingw32/include" />
					<Add directory="C:/MinGW/lib/SDL2_mixer-2.0.4/i686-w64-mingw32/include" />
					<Add directory="C:/MinGW/lib/SDL2_ttf-2.0.15/i686-w64-mingw32/include/SDL2" />
				</Compiler>
				<Linker>
					<Add option="-lmingw32 -lSDL2main -lSDL2 -lSDL2_image -lSDL2_mixer -lSDL2_ttf" />
					<Add directory="C:/Users/jsalc/Desktop/Libraries/lib" />
				</Linker>
			</Target>
			<Target title="Release">
				<Option output="bin/Release/OriginalPong" prefix_auto="1" extension_auto="1" />
				<Option object_output="obj/Release/" />
				<Option type="1" />
				<Option compiler="gcc" />
				<Compiler>
					<Add option="-O2" />
				</Compiler>
				<Linker>
					<Add option="-s" />
				</Linker>
			</Target>
		</Build>
		<Compiler>
			<Add option="-Wall" />
		</Compiler>
		<Unit filename="Freedom-10eM.ttf" />
		<Unit filename="arial.ttf" />
		<Unit filename="ball.c">
			<Option compilerVar="CC" />
		</Unit>
		<Unit filename="ball.h" />
		<Unit filename="main.c">
			<Option compilerVar="CC" />
		</Unit>
		<Unit filename="menu.c">
			<Option compilerVar="CC" />
		</Unit>
		<Unit filename="menu.h" />
		<Unit filename="paddle.c">
			<Option compilerVar="CC" />
		</Unit>
		<Unit filename="paddle.h" />
		<Unit filename="winner.c">
			<Option compilerVar="CC" />
		</Unit>
		<Unit filename="winner.h" />
		<Extensions>
			<lib_finder disable_auto="1" />
		</Extensions>
	</Project>
</CodeBlocks_project_file>
